
Microsoft Visual Studio Solution File, Format Version 12.00
# Visual Studio Version 16
VisualStudioVersion = 16.0.30320.27
MinimumVisualStudioVersion = 10.0.40219.1
Project("{FAE04EC0-301F-11D3-BF4B-00C04F79EFBC}") = "RockMarketPlace", "RockMarketPlace\RockMarketPlace.csproj", "{ADB335FC-29C9-4AEE-B9A3-38545BF84133}"
EndProject
Global
	GlobalSection(SolutionConfigurationPlatforms) = preSolution
		Debug|Any CPU = Debug|Any CPU
		Release|Any CPU = Release|Any CPU
	EndGlobalSection
	GlobalSection(ProjectConfigurationPlatforms) = postSolution
		{ADB335FC-29C9-4AEE-B9A3-38545BF84133}.Debug|Any CPU.ActiveCfg = Debug|Any CPU
		{ADB335FC-29C9-4AEE-B9A3-38545BF84133}.Debug|Any CPU.Build.0 = Debug|Any CPU
		{ADB335FC-29C9-4AEE-B9A3-38545BF84133}.Release|Any CPU.ActiveCfg = Release|Any CPU
		{ADB335FC-29C9-4AEE-B9A3-38545BF84133}.Release|Any CPU.Build.0 = Release|Any CPU
	EndGlobalSection
	GlobalSection(SolutionProperties) = preSolution
		HideSolutionNode = FALSE
	EndGlobalSection
	GlobalSection(ExtensibilityGlobals) = postSolution
		SolutionGuid = {60D6254E-4839-4B01-AE28-A7F7C72A308E}
	EndGlobalSection
EndGlobal
